// !$*UTF8*$!
{
	archiveVersion = 1;
	classes = {
	};
	objectVersion = 55;
	objects = {

/* Begin PBXBuildFile section */
		4AD955DD27FEDD9600ABB73D /* CommentView.swift in Sources */ = {isa = PBXBuildFile; fileRef = 4AD955DA27FEDD9600ABB73D /* CommentView.swift */; };
		4AD955DE27FEDD9600ABB73D /* originalView.swift in Sources */ = {isa = PBXBuildFile; fileRef = 4AD955DB27FEDD9600ABB73D /* originalView.swift */; };
		DDD2322027FE8C3A00B211A9 /* GuidelineView.swift in Sources */ = {isa = PBXBuildFile; fileRef = DDD2321F27FE8C3A00B211A9 /* GuidelineView.swift */; };
		E27628AD27FC6CD100773D39 /* alt_pic_nonblindApp.swift in Sources */ = {isa = PBXBuildFile; fileRef = E27628AC27FC6CD100773D39 /* alt_pic_nonblindApp.swift */; };
		E27628B127FC6CD200773D39 /* Assets.xcassets in Resources */ = {isa = PBXBuildFile; fileRef = E27628B027FC6CD200773D39 /* Assets.xcassets */; };
		E27628B427FC6CD200773D39 /* Preview Assets.xcassets in Resources */ = {isa = PBXBuildFile; fileRef = E27628B327FC6CD200773D39 /* Preview Assets.xcassets */; };
		E27628DD27FD9A6700773D39 /* AltImageData.swift in Sources */ = {isa = PBXBuildFile; fileRef = E27628DC27FD9A6700773D39 /* AltImageData.swift */; };
		E27628DF27FDD65D00773D39 /* MainListView.swift in Sources */ = {isa = PBXBuildFile; fileRef = E27628DE27FDD65D00773D39 /* MainListView.swift */; };
		E28B4CC727FE23D70026A544 /* MainView.swift in Sources */ = {isa = PBXBuildFile; fileRef = E28B4CC627FE23C10026A544 /* MainView.swift */; };
		E28B4CC927FE35460026A544 /* MyWebView.swift in Sources */ = {isa = PBXBuildFile; fileRef = E28B4CC827FE35460026A544 /* MyWebView.swift */; };
		E28B4CCB27FE83320026A544 /* TempView.swift in Sources */ = {isa = PBXBuildFile; fileRef = E28B4CCA27FE83300026A544 /* TempView.swift */; };
		E28B4CCD27FE83CC0026A544 /* MainCardView.swift in Sources */ = {isa = PBXBuildFile; fileRef = E28B4CCC27FE83CC0026A544 /* MainCardView.swift */; };
		E28B4CD327FECD590026A544 /* UserProfileView.swift in Sources */ = {isa = PBXBuildFile; fileRef = E28B4CD027FECD590026A544 /* UserProfileView.swift */; };
		E28B4CD427FECD590026A544 /* BadgesView.swift in Sources */ = {isa = PBXBuildFile; fileRef = E28B4CD127FECD590026A544 /* BadgesView.swift */; };
		E28B4CD527FECD590026A544 /* ProfileEditView.swift in Sources */ = {isa = PBXBuildFile; fileRef = E28B4CD227FECD590026A544 /* ProfileEditView.swift */; };
		E28B4CE127FFDB840026A544 /* Welcome.swift in Sources */ = {isa = PBXBuildFile; fileRef = E28B4CE027FFDB840026A544 /* Welcome.swift */; };
/* End PBXBuildFile section */

/* Begin PBXFileReference section */
		4AD955DA27FEDD9600ABB73D /* CommentView.swift */ = {isa = PBXFileReference; fileEncoding = 4; lastKnownFileType = sourcecode.swift; path = CommentView.swift; sourceTree = "<group>"; };
		4AD955DB27FEDD9600ABB73D /* originalView.swift */ = {isa = PBXFileReference; fileEncoding = 4; lastKnownFileType = sourcecode.swift; path = originalView.swift; sourceTree = "<group>"; };
		DDD2321F27FE8C3A00B211A9 /* GuidelineView.swift */ = {isa = PBXFileReference; lastKnownFileType = sourcecode.swift; path = GuidelineView.swift; sourceTree = "<group>"; };
		E27628A927FC6CD100773D39 /* alt-pic-nonblind.app */ = {isa = PBXFileReference; explicitFileType = wrapper.application; includeInIndex = 0; path = "alt-pic-nonblind.app"; sourceTree = BUILT_PRODUCTS_DIR; };
		E27628AC27FC6CD100773D39 /* alt_pic_nonblindApp.swift */ = {isa = PBXFileReference; lastKnownFileType = sourcecode.swift; path = alt_pic_nonblindApp.swift; sourceTree = "<group>"; };
		E27628B027FC6CD200773D39 /* Assets.xcassets */ = {isa = PBXFileReference; lastKnownFileType = folder.assetcatalog; path = Assets.xcassets; sourceTree = "<group>"; };
		E27628B327FC6CD200773D39 /* Preview Assets.xcassets */ = {isa = PBXFileReference; lastKnownFileType = folder.assetcatalog; path = "Preview Assets.xcassets"; sourceTree = "<group>"; };
		E27628DB27FD977200773D39 /* MyPlayground.playground */ = {isa = PBXFileReference; lastKnownFileType = file.playground; path = MyPlayground.playground; sourceTree = "<group>"; xcLanguageSpecificationIdentifier = xcode.lang.swift; };
		E27628DC27FD9A6700773D39 /* AltImageData.swift */ = {isa = PBXFileReference; lastKnownFileType = sourcecode.swift; path = AltImageData.swift; sourceTree = "<group>"; };
		E27628DE27FDD65D00773D39 /* MainListView.swift */ = {isa = PBXFileReference; lastKnownFileType = sourcecode.swift; path = MainListView.swift; sourceTree = "<group>"; };
		E28B4CC627FE23C10026A544 /* MainView.swift */ = {isa = PBXFileReference; lastKnownFileType = sourcecode.swift; path = MainView.swift; sourceTree = "<group>"; };
		E28B4CC827FE35460026A544 /* MyWebView.swift */ = {isa = PBXFileReference; lastKnownFileType = sourcecode.swift; path = MyWebView.swift; sourceTree = "<group>"; };
		E28B4CCA27FE83300026A544 /* TempView.swift */ = {isa = PBXFileReference; lastKnownFileType = sourcecode.swift; path = TempView.swift; sourceTree = "<group>"; };
		E28B4CCC27FE83CC0026A544 /* MainCardView.swift */ = {isa = PBXFileReference; lastKnownFileType = sourcecode.swift; path = MainCardView.swift; sourceTree = "<group>"; };
		E28B4CD027FECD590026A544 /* UserProfileView.swift */ = {isa = PBXFileReference; fileEncoding = 4; lastKnownFileType = sourcecode.swift; path = UserProfileView.swift; sourceTree = "<group>"; };
		E28B4CD127FECD590026A544 /* BadgesView.swift */ = {isa = PBXFileReference; fileEncoding = 4; lastKnownFileType = sourcecode.swift; path = BadgesView.swift; sourceTree = "<group>"; };
		E28B4CD227FECD590026A544 /* ProfileEditView.swift */ = {isa = PBXFileReference; fileEncoding = 4; lastKnownFileType = sourcecode.swift; path = ProfileEditView.swift; sourceTree = "<group>"; };
		E28B4CE027FFDB840026A544 /* Welcome.swift */ = {isa = PBXFileReference; lastKnownFileType = sourcecode.swift; path = Welcome.swift; sourceTree = "<group>"; };
/* End PBXFileReference section */

/* Begin PBXFrameworksBuildPhase section */
		E27628A627FC6CD100773D39 /* Frameworks */ = {
			isa = PBXFrameworksBuildPhase;
			buildActionMask = 2147483647;
			files = (
			);
			runOnlyForDeploymentPostprocessing = 0;
		};
/* End PBXFrameworksBuildPhase section */

/* Begin PBXGroup section */
		21E4D01327FEAB1B00378FBD /* Profile */ = {
			isa = PBXGroup;
			children = (
				E28B4CD127FECD590026A544 /* BadgesView.swift */,
				E28B4CD227FECD590026A544 /* ProfileEditView.swift */,
				E28B4CD027FECD590026A544 /* UserProfileView.swift */,
			);
			path = Profile;
			sourceTree = "<group>";
		};
		4AD955D227FEDD0F00ABB73D /* Comment */ = {
			isa = PBXGroup;
			children = (
				4AD955DA27FEDD9600ABB73D /* CommentView.swift */,
				4AD955DB27FEDD9600ABB73D /* originalView.swift */,
			);
			path = Comment;
			sourceTree = "<group>";
		};
		E27628A027FC6CD100773D39 = {
			isa = PBXGroup;
			children = (
				E27628DB27FD977200773D39 /* MyPlayground.playground */,
				E27628AB27FC6CD100773D39 /* alt-pic-nonblind */,
				E27628AA27FC6CD100773D39 /* Products */,
			);
			sourceTree = "<group>";
		};
		E27628AA27FC6CD100773D39 /* Products */ = {
			isa = PBXGroup;
			children = (
				E27628A927FC6CD100773D39 /* alt-pic-nonblind.app */,
			);
			name = Products;
			sourceTree = "<group>";
		};
		E27628AB27FC6CD100773D39 /* alt-pic-nonblind */ = {
			isa = PBXGroup;
			children = (
				21E4D01327FEAB1B00378FBD /* Profile */,
				E28B4CCA27FE83300026A544 /* TempView.swift */,
				E28B4CCE27FE84E70026A544 /* main */,
				E27628AC27FC6CD100773D39 /* alt_pic_nonblindApp.swift */,
				E28B4CC827FE35460026A544 /* MyWebView.swift */,
				4AD955D227FEDD0F00ABB73D /* Comment */,
				E27628DC27FD9A6700773D39 /* AltImageData.swift */,
				DDD2321F27FE8C3A00B211A9 /* GuidelineView.swift */,
				E28B4CE027FFDB840026A544 /* Welcome.swift */,
				E27628B027FC6CD200773D39 /* Assets.xcassets */,
				E27628B227FC6CD200773D39 /* Preview Content */,
			);
			path = "alt-pic-nonblind";
			sourceTree = "<group>";
		};
		E27628B227FC6CD200773D39 /* Preview Content */ = {
			isa = PBXGroup;
			children = (
				E27628B327FC6CD200773D39 /* Preview Assets.xcassets */,
			);
			path = "Preview Content";
			sourceTree = "<group>";
		};
		E28B4CCE27FE84E70026A544 /* main */ = {
			isa = PBXGroup;
			children = (
				E28B4CC627FE23C10026A544 /* MainView.swift */,
				E27628DE27FDD65D00773D39 /* MainListView.swift */,
				E28B4CCC27FE83CC0026A544 /* MainCardView.swift */,
			);
			path = main;
			sourceTree = "<group>";
		};
/* End PBXGroup section */

/* Begin PBXNativeTarget section */
		E27628A827FC6CD100773D39 /* alt-pic-nonblind */ = {
			isa = PBXNativeTarget;
			buildConfigurationList = E27628B727FC6CD200773D39 /* Build configuration list for PBXNativeTarget "alt-pic-nonblind" */;
			buildPhases = (
				E27628A527FC6CD100773D39 /* Sources */,
				E27628A627FC6CD100773D39 /* Frameworks */,
				E27628A727FC6CD100773D39 /* Resources */,
			);
			buildRules = (
			);
			dependencies = (
			);
			name = "alt-pic-nonblind";
			productName = "alt-pic-nonblind";
			productReference = E27628A927FC6CD100773D39 /* alt-pic-nonblind.app */;
			productType = "com.apple.product-type.application";
		};
/* End PBXNativeTarget section */

/* Begin PBXProject section */
		E27628A127FC6CD100773D39 /* Project object */ = {
			isa = PBXProject;
			attributes = {
				BuildIndependentTargetsInParallel = 1;
				LastSwiftUpdateCheck = 1330;
				LastUpgradeCheck = 1330;
				TargetAttributes = {
					E27628A827FC6CD100773D39 = {
						CreatedOnToolsVersion = 13.3;
					};
				};
			};
			buildConfigurationList = E27628A427FC6CD100773D39 /* Build configuration list for PBXProject "alt-pic-nonblind" */;
			compatibilityVersion = "Xcode 13.0";
			developmentRegion = en;
			hasScannedForEncodings = 0;
			knownRegions = (
				en,
				Base,
			);
			mainGroup = E27628A027FC6CD100773D39;
			productRefGroup = E27628AA27FC6CD100773D39 /* Products */;
			projectDirPath = "";
			projectRoot = "";
			targets = (
				E27628A827FC6CD100773D39 /* alt-pic-nonblind */,
			);
		};
/* End PBXProject section */

/* Begin PBXResourcesBuildPhase section */
		E27628A727FC6CD100773D39 /* Resources */ = {
			isa = PBXResourcesBuildPhase;
			buildActionMask = 2147483647;
			files = (
				E27628B427FC6CD200773D39 /* Preview Assets.xcassets in Resources */,
				E27628B127FC6CD200773D39 /* Assets.xcassets in Resources */,
			);
			runOnlyForDeploymentPostprocessing = 0;
		};
/* End PBXResourcesBuildPhase section */

/* Begin PBXSourcesBuildPhase section */
		E27628A527FC6CD100773D39 /* Sources */ = {
			isa = PBXSourcesBuildPhase;
			buildActionMask = 2147483647;
			files = (
				4AD955DE27FEDD9600ABB73D /* originalView.swift in Sources */,
				4AD955DD27FEDD9600ABB73D /* CommentView.swift in Sources */,
				E28B4CCB27FE83320026A544 /* TempView.swift in Sources */,
				E28B4CC927FE35460026A544 /* MyWebView.swift in Sources */,
				DDD2322027FE8C3A00B211A9 /* GuidelineView.swift in Sources */,
				E27628AD27FC6CD100773D39 /* alt_pic_nonblindApp.swift in Sources */,
				E28B4CE127FFDB840026A544 /* Welcome.swift in Sources */,
				E28B4CD327FECD590026A544 /* UserProfileView.swift in Sources */,
				E27628DF27FDD65D00773D39 /* MainListView.swift in Sources */,
				E27628DD27FD9A6700773D39 /* AltImageData.swift in Sources */,
				E28B4CD427FECD590026A544 /* BadgesView.swift in Sources */,
				E28B4CC727FE23D70026A544 /* MainView.swift in Sources */,
				E28B4CD527FECD590026A544 /* ProfileEditView.swift in Sources */,
				E28B4CCD27FE83CC0026A544 /* MainCardView.swift in Sources */,
			);
			runOnlyForDeploymentPostprocessing = 0;
		};
/* End PBXSourcesBuildPhase section */

/* Begin XCBuildConfiguration section */
		E27628B527FC6CD200773D39 /* Debug */ = {
			isa = XCBuildConfiguration;
			buildSettings = {
				ALWAYS_SEARCH_USER_PATHS = NO;
				CLANG_ANALYZER_NONNULL = YES;
				CLANG_ANALYZER_NUMBER_OBJECT_CONVERSION = YES_AGGRESSIVE;
				CLANG_CXX_LANGUAGE_STANDARD = "gnu++17";
				CLANG_ENABLE_MODULES = YES;
				CLANG_ENABLE_OBJC_ARC = YES;
				CLANG_ENABLE_OBJC_WEAK = YES;
				CLANG_WARN_BLOCK_CAPTURE_AUTORELEASING = YES;
				CLANG_WARN_BOOL_CONVERSION = YES;
				CLANG_WARN_COMMA = YES;
				CLANG_WARN_CONSTANT_CONVERSION = YES;
				CLANG_WARN_DEPRECATED_OBJC_IMPLEMENTATIONS = YES;
				CLANG_WARN_DIRECT_OBJC_ISA_USAGE = YES_ERROR;
				CLANG_WARN_DOCUMENTATION_COMMENTS = YES;
				CLANG_WARN_EMPTY_BODY = YES;
				CLANG_WARN_ENUM_CONVERSION = YES;
				CLANG_WARN_INFINITE_RECURSION = YES;
				CLANG_WARN_INT_CONVERSION = YES;
				CLANG_WARN_NON_LITERAL_NULL_CONVERSION = YES;
				CLANG_WARN_OBJC_IMPLICIT_RETAIN_SELF = YES;
				CLANG_WARN_OBJC_LITERAL_CONVERSION = YES;
				CLANG_WARN_OBJC_ROOT_CLASS = YES_ERROR;
				CLANG_WARN_QUOTED_INCLUDE_IN_FRAMEWORK_HEADER = YES;
				CLANG_WARN_RANGE_LOOP_ANALYSIS = YES;
				CLANG_WARN_STRICT_PROTOTYPES = YES;
				CLANG_WARN_SUSPICIOUS_MOVE = YES;
				CLANG_WARN_UNGUARDED_AVAILABILITY = YES_AGGRESSIVE;
				CLANG_WARN_UNREACHABLE_CODE = YES;
				CLANG_WARN__DUPLICATE_METHOD_MATCH = YES;
				COPY_PHASE_STRIP = NO;
				DEBUG_INFORMATION_FORMAT = dwarf;
				ENABLE_STRICT_OBJC_MSGSEND = YES;
				ENABLE_TESTABILITY = YES;
				GCC_C_LANGUAGE_STANDARD = gnu11;
				GCC_DYNAMIC_NO_PIC = NO;
				GCC_NO_COMMON_BLOCKS = YES;
				GCC_OPTIMIZATION_LEVEL = 0;
				GCC_PREPROCESSOR_DEFINITIONS = (
					"DEBUG=1",
					"$(inherited)",
				);
				GCC_WARN_64_TO_32_BIT_CONVERSION = YES;
				GCC_WARN_ABOUT_RETURN_TYPE = YES_ERROR;
				GCC_WARN_UNDECLARED_SELECTOR = YES;
				GCC_WARN_UNINITIALIZED_AUTOS = YES_AGGRESSIVE;
				GCC_WARN_UNUSED_FUNCTION = YES;
				GCC_WARN_UNUSED_VARIABLE = YES;
				IPHONEOS_DEPLOYMENT_TARGET = 15.4;
				MTL_ENABLE_DEBUG_INFO = INCLUDE_SOURCE;
				MTL_FAST_MATH = YES;
				ONLY_ACTIVE_ARCH = YES;
				SDKROOT = iphoneos;
				SWIFT_ACTIVE_COMPILATION_CONDITIONS = DEBUG;
				SWIFT_OPTIMIZATION_LEVEL = "-Onone";
			};
			name = Debug;
		};
		E27628B627FC6CD200773D39 /* Release */ = {
			isa = XCBuildConfiguration;
			buildSettings = {
				ALWAYS_SEARCH_USER_PATHS = NO;
				CLANG_ANALYZER_NONNULL = YES;
				CLANG_ANALYZER_NUMBER_OBJECT_CONVERSION = YES_AGGRESSIVE;
				CLANG_CXX_LANGUAGE_STANDARD = "gnu++17";
				CLANG_ENABLE_MODULES = YES;
				CLANG_ENABLE_OBJC_ARC = YES;
				CLANG_ENABLE_OBJC_WEAK = YES;
				CLANG_WARN_BLOCK_CAPTURE_AUTORELEASING = YES;
				CLANG_WARN_BOOL_CONVERSION = YES;
				CLANG_WARN_COMMA = YES;
				CLANG_WARN_CONSTANT_CONVERSION = YES;
				CLANG_WARN_DEPRECATED_OBJC_IMPLEMENTATIONS = YES;
				CLANG_WARN_DIRECT_OBJC_ISA_USAGE = YES_ERROR;
				CLANG_WARN_DOCUMENTATION_COMMENTS = YES;
				CLANG_WARN_EMPTY_BODY = YES;
				CLANG_WARN_ENUM_CONVERSION = YES;
				CLANG_WARN_INFINITE_RECURSION = YES;
				CLANG_WARN_INT_CONVERSION = YES;
				CLANG_WARN_NON_LITERAL_NULL_CONVERSION = YES;
				CLANG_WARN_OBJC_IMPLICIT_RETAIN_SELF = YES;
				CLANG_WARN_OBJC_LITERAL_CONVERSION = YES;
				CLANG_WARN_OBJC_ROOT_CLASS = YES_ERROR;
				CLANG_WARN_QUOTED_INCLUDE_IN_FRAMEWORK_HEADER = YES;
				CLANG_WARN_RANGE_LOOP_ANALYSIS = YES;
				CLANG_WARN_STRICT_PROTOTYPES = YES;
				CLANG_WARN_SUSPICIOUS_MOVE = YES;
				CLANG_WARN_UNGUARDED_AVAILABILITY = YES_AGGRESSIVE;
				CLANG_WARN_UNREACHABLE_CODE = YES;
				CLANG_WARN__DUPLICATE_METHOD_MATCH = YES;
				COPY_PHASE_STRIP = NO;
				DEBUG_INFORMATION_FORMAT = "dwarf-with-dsym";
				ENABLE_NS_ASSERTIONS = NO;
				ENABLE_STRICT_OBJC_MSGSEND = YES;
				GCC_C_LANGUAGE_STANDARD = gnu11;
				GCC_NO_COMMON_BLOCKS = YES;
				GCC_WARN_64_TO_32_BIT_CONVERSION = YES;
				GCC_WARN_ABOUT_RETURN_TYPE = YES_ERROR;
				GCC_WARN_UNDECLARED_SELECTOR = YES;
				GCC_WARN_UNINITIALIZED_AUTOS = YES_AGGRESSIVE;
				GCC_WARN_UNUSED_FUNCTION = YES;
				GCC_WARN_UNUSED_VARIABLE = YES;
				IPHONEOS_DEPLOYMENT_TARGET = 15.4;
				MTL_ENABLE_DEBUG_INFO = NO;
				MTL_FAST_MATH = YES;
				SDKROOT = iphoneos;
				SWIFT_COMPILATION_MODE = wholemodule;
				SWIFT_OPTIMIZATION_LEVEL = "-O";
				VALIDATE_PRODUCT = YES;
			};
			name = Release;
		};
		E27628B827FC6CD200773D39 /* Debug */ = {
			isa = XCBuildConfiguration;
			buildSettings = {
				ASSETCATALOG_COMPILER_APPICON_NAME = AppIcon;
				ASSETCATALOG_COMPILER_GLOBAL_ACCENT_COLOR_NAME = AccentColor;
				CODE_SIGN_STYLE = Automatic;
				CURRENT_PROJECT_VERSION = 1;
				DEVELOPMENT_ASSET_PATHS = "\"alt-pic-nonblind/Preview Content\"";
				ENABLE_PREVIEWS = YES;
				GENERATE_INFOPLIST_FILE = YES;
				INFOPLIST_FILE = "alt-pic-nonblind/Info.plist";
				INFOPLIST_KEY_UIApplicationSceneManifest_Generation = YES;
				INFOPLIST_KEY_UIApplicationSupportsIndirectInputEvents = YES;
				INFOPLIST_KEY_UILaunchScreen_Generation = YES;
				INFOPLIST_KEY_UISupportedInterfaceOrientations_iPad = "UIInterfaceOrientationPortrait UIInterfaceOrientationPortraitUpsideDown UIInterfaceOrientationLandscapeLeft UIInterfaceOrientationLandscapeRight";
				INFOPLIST_KEY_UISupportedInterfaceOrientations_iPhone = "UIInterfaceOrientationPortrait UIInterfaceOrientationLandscapeLeft UIInterfaceOrientationLandscapeRight";
				LD_RUNPATH_SEARCH_PATHS = (
					"$(inherited)",
					"@executable_path/Frameworks",
				);
				MARKETING_VERSION = 1.0;
				PRODUCT_BUNDLE_IDENTIFIER = "hyo.alt-pic-nonblind";
				PRODUCT_NAME = "$(TARGET_NAME)";
				SWIFT_EMIT_LOC_STRINGS = YES;
				SWIFT_VERSION = 5.0;
				TARGETED_DEVICE_FAMILY = "1,2";
			};
			name = Debug;
		};
		E27628B927FC6CD200773D39 /* Release */ = {
			isa = XCBuildConfiguration;
			buildSettings = {
				ASSETCATALOG_COMPILER_APPICON_NAME = AppIcon;
				ASSETCATALOG_COMPILER_GLOBAL_ACCENT_COLOR_NAME = AccentColor;
				CODE_SIGN_STYLE = Automatic;
				CURRENT_PROJECT_VERSION = 1;
				DEVELOPMENT_ASSET_PATHS = "\"alt-pic-nonblind/Preview Content\"";
				ENABLE_PREVIEWS = YES;
				GENERATE_INFOPLIST_FILE = YES;
				INFOPLIST_FILE = "alt-pic-nonblind/Info.plist";
				INFOPLIST_KEY_UIApplicationSceneManifest_Generation = YES;
				INFOPLIST_KEY_UIApplicationSupportsIndirectInputEvents = YES;
				INFOPLIST_KEY_UILaunchScreen_Generation = YES;
				INFOPLIST_KEY_UISupportedInterfaceOrientations_iPad = "UIInterfaceOrientationPortrait UIInterfaceOrientationPortraitUpsideDown UIInterfaceOrientationLandscapeLeft UIInterfaceOrientationLandscapeRight";
				INFOPLIST_KEY_UISupportedInterfaceOrientations_iPhone = "UIInterfaceOrientationPortrait UIInterfaceOrientationLandscapeLeft UIInterfaceOrientationLandscapeRight";
				LD_RUNPATH_SEARCH_PATHS = (
					"$(inherited)",
					"@executable_path/Frameworks",
				);
				MARKETING_VERSION = 1.0;
				PRODUCT_BUNDLE_IDENTIFIER = "hyo.alt-pic-nonblind";
				PRODUCT_NAME = "$(TARGET_NAME)";
				SWIFT_EMIT_LOC_STRINGS = YES;
				SWIFT_VERSION = 5.0;
				TARGETED_DEVICE_FAMILY = "1,2";
			};
			name = Release;
		};
/* End XCBuildConfiguration section */

/* Begin XCConfigurationList section */
		E27628A427FC6CD100773D39 /* Build configuration list for PBXProject "alt-pic-nonblind" */ = {
			isa = XCConfigurationList;
			buildConfigurations = (
				E27628B527FC6CD200773D39 /* Debug */,
				E27628B627FC6CD200773D39 /* Release */,
			);
			defaultConfigurationIsVisible = 0;
			defaultConfigurationName = Release;
		};
		E27628B727FC6CD200773D39 /* Build configuration list for PBXNativeTarget "alt-pic-nonblind" */ = {
			isa = XCConfigurationList;
			buildConfigurations = (
				E27628B827FC6CD200773D39 /* Debug */,
				E27628B927FC6CD200773D39 /* Release */,
			);
			defaultConfigurationIsVisible = 0;
			defaultConfigurationName = Release;
		};
/* End XCConfigurationList section */
	};
	rootObject = E27628A127FC6CD100773D39 /* Project object */;
}
